// !$*UTF8*$!
{
	archiveVersion = 1;
	classes = {
	};
	objectVersion = 56;
	objects = {

/* Begin PBXBuildFile section */
		CC324CC42C359EAC009BA31A /* TodoDetailRootView.swift in Sources */ = {isa = PBXBuildFile; fileRef = CC324CC32C359EAC009BA31A /* TodoDetailRootView.swift */; };
		CC324CC62C359EC5009BA31A /* TodoDetailViewController.swift in Sources */ = {isa = PBXBuildFile; fileRef = CC324CC52C359EC5009BA31A /* TodoDetailViewController.swift */; };
		CC3BFF1C2C3C120D005C45F2 /* Category.swift in Sources */ = {isa = PBXBuildFile; fileRef = CC3BFF1B2C3C120D005C45F2 /* Category.swift */; };
		CC50FDD42C3A7629007AF3F4 /* UIViewController+Extension.swift in Sources */ = {isa = PBXBuildFile; fileRef = CC50FDD32C3A7629007AF3F4 /* UIViewController+Extension.swift */; };
		CC85F8E22C33E82000D2B15C /* AppDelegate.swift in Sources */ = {isa = PBXBuildFile; fileRef = CC85F8E12C33E82000D2B15C /* AppDelegate.swift */; };
		CC85F8E42C33E82000D2B15C /* SceneDelegate.swift in Sources */ = {isa = PBXBuildFile; fileRef = CC85F8E32C33E82000D2B15C /* SceneDelegate.swift */; };
		CC85F8E62C33E82000D2B15C /* TodoListViewController.swift in Sources */ = {isa = PBXBuildFile; fileRef = CC85F8E52C33E82000D2B15C /* TodoListViewController.swift */; };
		CC85F8EB2C33E82000D2B15C /* Assets.xcassets in Resources */ = {isa = PBXBuildFile; fileRef = CC85F8EA2C33E82000D2B15C /* Assets.xcassets */; };
		CC85F8EE2C33E82000D2B15C /* Base in Resources */ = {isa = PBXBuildFile; fileRef = CC85F8ED2C33E82000D2B15C /* Base */; };
		CC85F8F72C33F58A00D2B15C /* RealmSwift in Frameworks */ = {isa = PBXBuildFile; productRef = CC85F8F62C33F58A00D2B15C /* RealmSwift */; };
		CC85F8FA2C33F59D00D2B15C /* SnapKit in Frameworks */ = {isa = PBXBuildFile; productRef = CC85F8F92C33F59D00D2B15C /* SnapKit */; };
		CC85F8FD2C33F5AA00D2B15C /* Then in Frameworks */ = {isa = PBXBuildFile; productRef = CC85F8FC2C33F5AA00D2B15C /* Then */; };
		CC85F9042C33F67B00D2B15C /* BaseViewController.swift in Sources */ = {isa = PBXBuildFile; fileRef = CC85F9032C33F67B00D2B15C /* BaseViewController.swift */; };
		CC85F9062C33F72300D2B15C /* BaseView.swift in Sources */ = {isa = PBXBuildFile; fileRef = CC85F9052C33F72300D2B15C /* BaseView.swift */; };
		CC85F9082C33F7CE00D2B15C /* TodoListRootView.swift in Sources */ = {isa = PBXBuildFile; fileRef = CC85F9072C33F7CE00D2B15C /* TodoListRootView.swift */; };
		CC85F90A2C33FB8300D2B15C /* TodoListModel.swift in Sources */ = {isa = PBXBuildFile; fileRef = CC85F9092C33FB8300D2B15C /* TodoListModel.swift */; };
		CC85F90D2C3400FD00D2B15C /* Todo.swift in Sources */ = {isa = PBXBuildFile; fileRef = CC85F90C2C3400FD00D2B15C /* Todo.swift */; };
		CC85F90F2C34069700D2B15C /* TodoListTableViewCell.swift in Sources */ = {isa = PBXBuildFile; fileRef = CC85F90E2C34069700D2B15C /* TodoListTableViewCell.swift */; };
		CC85F9122C3411BA00D2B15C /* ReusableProtocol.swift in Sources */ = {isa = PBXBuildFile; fileRef = CC85F9112C3411BA00D2B15C /* ReusableProtocol.swift */; };
		CC85F9152C3413F200D2B15C /* BaseTableViewCell.swift in Sources */ = {isa = PBXBuildFile; fileRef = CC85F9142C3413F200D2B15C /* BaseTableViewCell.swift */; };
		CC85F9172C341EEE00D2B15C /* FilterType.swift in Sources */ = {isa = PBXBuildFile; fileRef = CC85F9162C341EEE00D2B15C /* FilterType.swift */; };
		CC85F9182C34226700D2B15C /* RealmSwift in Embed Frameworks */ = {isa = PBXBuildFile; productRef = CC85F8F62C33F58A00D2B15C /* RealmSwift */; settings = {ATTRIBUTES = (CodeSignOnCopy, ); }; };
		CC85F91C2C3427B800D2B15C /* AddRootView.swift in Sources */ = {isa = PBXBuildFile; fileRef = CC85F91B2C3427B800D2B15C /* AddRootView.swift */; };
		CC85F91F2C3427CF00D2B15C /* AddViewController.swift in Sources */ = {isa = PBXBuildFile; fileRef = CC85F91E2C3427CF00D2B15C /* AddViewController.swift */; };
		CCA6A0722C356DC4006EE56E /* TodoBuilder.swift in Sources */ = {isa = PBXBuildFile; fileRef = CCA6A0712C356DC4006EE56E /* TodoBuilder.swift */; };
		CCA6A0752C357088006EE56E /* Toast in Frameworks */ = {isa = PBXBuildFile; productRef = CCA6A0742C357088006EE56E /* Toast */; };
		CCA6A0772C357386006EE56E /* String+Extension.swift in Sources */ = {isa = PBXBuildFile; fileRef = CCA6A0762C357386006EE56E /* String+Extension.swift */; };
		CCA6A07B2C357927006EE56E /* MainViewController.swift in Sources */ = {isa = PBXBuildFile; fileRef = CCA6A07A2C357927006EE56E /* MainViewController.swift */; };
		CCA6A07D2C35793A006EE56E /* MainRootView.swift in Sources */ = {isa = PBXBuildFile; fileRef = CCA6A07C2C35793A006EE56E /* MainRootView.swift */; };
		CCA6A0802C357976006EE56E /* MainModel.swift in Sources */ = {isa = PBXBuildFile; fileRef = CCA6A07F2C357976006EE56E /* MainModel.swift */; };
		CCA6A0822C357E48006EE56E /* MainCollectionViewCell.swift in Sources */ = {isa = PBXBuildFile; fileRef = CCA6A0812C357E48006EE56E /* MainCollectionViewCell.swift */; };
		CCA6A0842C357E72006EE56E /* BaseCollectionViewCell.swift in Sources */ = {isa = PBXBuildFile; fileRef = CCA6A0832C357E72006EE56E /* BaseCollectionViewCell.swift */; };
		CCA6A0862C35811C006EE56E /* CategoryType.swift in Sources */ = {isa = PBXBuildFile; fileRef = CCA6A0852C35811C006EE56E /* CategoryType.swift */; };
		CCAB37012C35312300D65854 /* TodoOptionView.swift in Sources */ = {isa = PBXBuildFile; fileRef = CCAB37002C35312300D65854 /* TodoOptionView.swift */; };
		CCAB37032C35320C00D65854 /* OptionType.swift in Sources */ = {isa = PBXBuildFile; fileRef = CCAB37022C35320C00D65854 /* OptionType.swift */; };
		CCAB37082C3539AF00D65854 /* DueDateViewController.swift in Sources */ = {isa = PBXBuildFile; fileRef = CCAB37072C3539AF00D65854 /* DueDateViewController.swift */; };
		CCAB370A2C3539B900D65854 /* TagViewController.swift in Sources */ = {isa = PBXBuildFile; fileRef = CCAB37092C3539B900D65854 /* TagViewController.swift */; };
		CCAB370C2C3539C400D65854 /* PriorityViewController.swift in Sources */ = {isa = PBXBuildFile; fileRef = CCAB370B2C3539C400D65854 /* PriorityViewController.swift */; };
		CCAB370E2C353A1400D65854 /* PriorityView.swift in Sources */ = {isa = PBXBuildFile; fileRef = CCAB370D2C353A1400D65854 /* PriorityView.swift */; };
		CCAB37102C353A2000D65854 /* DueDateView.swift in Sources */ = {isa = PBXBuildFile; fileRef = CCAB370F2C353A2000D65854 /* DueDateView.swift */; };
		CCAB37122C353A2A00D65854 /* TagView.swift in Sources */ = {isa = PBXBuildFile; fileRef = CCAB37112C353A2A00D65854 /* TagView.swift */; };
/* End PBXBuildFile section */

/* Begin PBXCopyFilesBuildPhase section */
		CC85F9192C34226700D2B15C /* Embed Frameworks */ = {
			isa = PBXCopyFilesBuildPhase;
			buildActionMask = 2147483647;
			dstPath = "";
			dstSubfolderSpec = 10;
			files = (
				CC85F9182C34226700D2B15C /* RealmSwift in Embed Frameworks */,
			);
			name = "Embed Frameworks";
			runOnlyForDeploymentPostprocessing = 0;
		};
/* End PBXCopyFilesBuildPhase section */

/* Begin PBXFileReference section */
		CC324CC32C359EAC009BA31A /* TodoDetailRootView.swift */ = {isa = PBXFileReference; lastKnownFileType = sourcecode.swift; path = TodoDetailRootView.swift; sourceTree = "<group>"; };
		CC324CC52C359EC5009BA31A /* TodoDetailViewController.swift */ = {isa = PBXFileReference; lastKnownFileType = sourcecode.swift; path = TodoDetailViewController.swift; sourceTree = "<group>"; };
		CC3BFF1B2C3C120D005C45F2 /* Category.swift */ = {isa = PBXFileReference; lastKnownFileType = sourcecode.swift; path = Category.swift; sourceTree = "<group>"; };
		CC50FDD32C3A7629007AF3F4 /* UIViewController+Extension.swift */ = {isa = PBXFileReference; lastKnownFileType = sourcecode.swift; path = "UIViewController+Extension.swift"; sourceTree = "<group>"; };
		CC85F8DE2C33E82000D2B15C /* Reminder.app */ = {isa = PBXFileReference; explicitFileType = wrapper.application; includeInIndex = 0; path = Reminder.app; sourceTree = BUILT_PRODUCTS_DIR; };
		CC85F8E12C33E82000D2B15C /* AppDelegate.swift */ = {isa = PBXFileReference; lastKnownFileType = sourcecode.swift; path = AppDelegate.swift; sourceTree = "<group>"; };
		CC85F8E32C33E82000D2B15C /* SceneDelegate.swift */ = {isa = PBXFileReference; lastKnownFileType = sourcecode.swift; path = SceneDelegate.swift; sourceTree = "<group>"; };
		CC85F8E52C33E82000D2B15C /* TodoListViewController.swift */ = {isa = PBXFileReference; lastKnownFileType = sourcecode.swift; path = TodoListViewController.swift; sourceTree = "<group>"; };
		CC85F8EA2C33E82000D2B15C /* Assets.xcassets */ = {isa = PBXFileReference; lastKnownFileType = folder.assetcatalog; path = Assets.xcassets; sourceTree = "<group>"; };
		CC85F8ED2C33E82000D2B15C /* Base */ = {isa = PBXFileReference; lastKnownFileType = file.storyboard; name = Base; path = Base.lproj/LaunchScreen.storyboard; sourceTree = "<group>"; };
		CC85F8EF2C33E82000D2B15C /* Info.plist */ = {isa = PBXFileReference; lastKnownFileType = text.plist.xml; path = Info.plist; sourceTree = "<group>"; };
		CC85F9032C33F67B00D2B15C /* BaseViewController.swift */ = {isa = PBXFileReference; lastKnownFileType = sourcecode.swift; path = BaseViewController.swift; sourceTree = "<group>"; };
		CC85F9052C33F72300D2B15C /* BaseView.swift */ = {isa = PBXFileReference; lastKnownFileType = sourcecode.swift; path = BaseView.swift; sourceTree = "<group>"; };
		CC85F9072C33F7CE00D2B15C /* TodoListRootView.swift */ = {isa = PBXFileReference; lastKnownFileType = sourcecode.swift; path = TodoListRootView.swift; sourceTree = "<group>"; };
		CC85F9092C33FB8300D2B15C /* TodoListModel.swift */ = {isa = PBXFileReference; lastKnownFileType = sourcecode.swift; path = TodoListModel.swift; sourceTree = "<group>"; };
		CC85F90C2C3400FD00D2B15C /* Todo.swift */ = {isa = PBXFileReference; lastKnownFileType = sourcecode.swift; path = Todo.swift; sourceTree = "<group>"; };
		CC85F90E2C34069700D2B15C /* TodoListTableViewCell.swift */ = {isa = PBXFileReference; lastKnownFileType = sourcecode.swift; path = TodoListTableViewCell.swift; sourceTree = "<group>"; };
		CC85F9112C3411BA00D2B15C /* ReusableProtocol.swift */ = {isa = PBXFileReference; lastKnownFileType = sourcecode.swift; path = ReusableProtocol.swift; sourceTree = "<group>"; };
		CC85F9142C3413F200D2B15C /* BaseTableViewCell.swift */ = {isa = PBXFileReference; lastKnownFileType = sourcecode.swift; path = BaseTableViewCell.swift; sourceTree = "<group>"; };
		CC85F9162C341EEE00D2B15C /* FilterType.swift */ = {isa = PBXFileReference; lastKnownFileType = sourcecode.swift; path = FilterType.swift; sourceTree = "<group>"; };
		CC85F91B2C3427B800D2B15C /* AddRootView.swift */ = {isa = PBXFileReference; lastKnownFileType = sourcecode.swift; path = AddRootView.swift; sourceTree = "<group>"; };
		CC85F91E2C3427CF00D2B15C /* AddViewController.swift */ = {isa = PBXFileReference; lastKnownFileType = sourcecode.swift; path = AddViewController.swift; sourceTree = "<group>"; };
		CCA6A0712C356DC4006EE56E /* TodoBuilder.swift */ = {isa = PBXFileReference; lastKnownFileType = sourcecode.swift; path = TodoBuilder.swift; sourceTree = "<group>"; };
		CCA6A0762C357386006EE56E /* String+Extension.swift */ = {isa = PBXFileReference; lastKnownFileType = sourcecode.swift; path = "String+Extension.swift"; sourceTree = "<group>"; };
		CCA6A07A2C357927006EE56E /* MainViewController.swift */ = {isa = PBXFileReference; lastKnownFileType = sourcecode.swift; path = MainViewController.swift; sourceTree = "<group>"; };
		CCA6A07C2C35793A006EE56E /* MainRootView.swift */ = {isa = PBXFileReference; lastKnownFileType = sourcecode.swift; path = MainRootView.swift; sourceTree = "<group>"; };
		CCA6A07F2C357976006EE56E /* MainModel.swift */ = {isa = PBXFileReference; lastKnownFileType = sourcecode.swift; path = MainModel.swift; sourceTree = "<group>"; };
		CCA6A0812C357E48006EE56E /* MainCollectionViewCell.swift */ = {isa = PBXFileReference; lastKnownFileType = sourcecode.swift; path = MainCollectionViewCell.swift; sourceTree = "<group>"; };
		CCA6A0832C357E72006EE56E /* BaseCollectionViewCell.swift */ = {isa = PBXFileReference; lastKnownFileType = sourcecode.swift; path = BaseCollectionViewCell.swift; sourceTree = "<group>"; };
		CCA6A0852C35811C006EE56E /* CategoryType.swift */ = {isa = PBXFileReference; lastKnownFileType = sourcecode.swift; path = CategoryType.swift; sourceTree = "<group>"; };
		CCAB37002C35312300D65854 /* TodoOptionView.swift */ = {isa = PBXFileReference; lastKnownFileType = sourcecode.swift; path = TodoOptionView.swift; sourceTree = "<group>"; };
		CCAB37022C35320C00D65854 /* OptionType.swift */ = {isa = PBXFileReference; lastKnownFileType = sourcecode.swift; path = OptionType.swift; sourceTree = "<group>"; };
		CCAB37072C3539AF00D65854 /* DueDateViewController.swift */ = {isa = PBXFileReference; lastKnownFileType = sourcecode.swift; path = DueDateViewController.swift; sourceTree = "<group>"; };
		CCAB37092C3539B900D65854 /* TagViewController.swift */ = {isa = PBXFileReference; lastKnownFileType = sourcecode.swift; path = TagViewController.swift; sourceTree = "<group>"; };
		CCAB370B2C3539C400D65854 /* PriorityViewController.swift */ = {isa = PBXFileReference; lastKnownFileType = sourcecode.swift; path = PriorityViewController.swift; sourceTree = "<group>"; };
		CCAB370D2C353A1400D65854 /* PriorityView.swift */ = {isa = PBXFileReference; lastKnownFileType = sourcecode.swift; path = PriorityView.swift; sourceTree = "<group>"; };
		CCAB370F2C353A2000D65854 /* DueDateView.swift */ = {isa = PBXFileReference; lastKnownFileType = sourcecode.swift; path = DueDateView.swift; sourceTree = "<group>"; };
		CCAB37112C353A2A00D65854 /* TagView.swift */ = {isa = PBXFileReference; lastKnownFileType = sourcecode.swift; path = TagView.swift; sourceTree = "<group>"; };
/* End PBXFileReference section */

/* Begin PBXFrameworksBuildPhase section */
		CC85F8DB2C33E82000D2B15C /* Frameworks */ = {
			isa = PBXFrameworksBuildPhase;
			buildActionMask = 2147483647;
			files = (
				CCA6A0752C357088006EE56E /* Toast in Frameworks */,
				CC85F8F72C33F58A00D2B15C /* RealmSwift in Frameworks */,
				CC85F8FD2C33F5AA00D2B15C /* Then in Frameworks */,
				CC85F8FA2C33F59D00D2B15C /* SnapKit in Frameworks */,
			);
			runOnlyForDeploymentPostprocessing = 0;
		};
/* End PBXFrameworksBuildPhase section */

/* Begin PBXGroup section */
		CC85F8D52C33E82000D2B15C = {
			isa = PBXGroup;
			children = (
				CC85F8E02C33E82000D2B15C /* Reminder */,
				CC85F8DF2C33E82000D2B15C /* Products */,
			);
			sourceTree = "<group>";
		};
		CC85F8DF2C33E82000D2B15C /* Products */ = {
			isa = PBXGroup;
			children = (
				CC85F8DE2C33E82000D2B15C /* Reminder.app */,
			);
			name = Products;
			sourceTree = "<group>";
		};
		CC85F8E02C33E82000D2B15C /* Reminder */ = {
			isa = PBXGroup;
			children = (
				CC85F9102C34116F00D2B15C /* Util */,
				CC85F8FF2C33F64D00D2B15C /* Domain */,
				CC85F8FE2C33F64300D2B15C /* Presenter */,
				CC85F8E12C33E82000D2B15C /* AppDelegate.swift */,
				CC85F8E32C33E82000D2B15C /* SceneDelegate.swift */,
				CC85F8EA2C33E82000D2B15C /* Assets.xcassets */,
				CC85F8EC2C33E82000D2B15C /* LaunchScreen.storyboard */,
				CC85F8EF2C33E82000D2B15C /* Info.plist */,
			);
			path = Reminder;
			sourceTree = "<group>";
		};
		CC85F8FE2C33F64300D2B15C /* Presenter */ = {
			isa = PBXGroup;
			children = (
				CCA6A0782C35790E006EE56E /* MainScreen */,
				CC85F91A2C34254300D2B15C /* AddScreen */,
				CC85F9022C33F66A00D2B15C /* Base */,
				CC85F9002C33F65400D2B15C /* TodoListScreen */,
			);
			path = Presenter;
			sourceTree = "<group>";
		};
		CC85F8FF2C33F64D00D2B15C /* Domain */ = {
			isa = PBXGroup;
			children = (
				CCA6A07E2C357968006EE56E /* Main */,
				CC85F90B2C3400EF00D2B15C /* TodoList */,
			);
			path = Domain;
			sourceTree = "<group>";
		};
		CC85F9002C33F65400D2B15C /* TodoListScreen */ = {
			isa = PBXGroup;
			children = (
				CC85F9012C33F66200D2B15C /* View */,
				CC85F8E52C33E82000D2B15C /* TodoListViewController.swift */,
				CC324CC52C359EC5009BA31A /* TodoDetailViewController.swift */,
			);
			path = TodoListScreen;
			sourceTree = "<group>";
		};
		CC85F9012C33F66200D2B15C /* View */ = {
			isa = PBXGroup;
			children = (
				CC85F9072C33F7CE00D2B15C /* TodoListRootView.swift */,
				CC85F90E2C34069700D2B15C /* TodoListTableViewCell.swift */,
				CC324CC32C359EAC009BA31A /* TodoDetailRootView.swift */,
			);
			path = View;
			sourceTree = "<group>";
		};
		CC85F9022C33F66A00D2B15C /* Base */ = {
			isa = PBXGroup;
			children = (
				CC85F9032C33F67B00D2B15C /* BaseViewController.swift */,
				CC85F9052C33F72300D2B15C /* BaseView.swift */,
				CC85F9142C3413F200D2B15C /* BaseTableViewCell.swift */,
				CCA6A0832C357E72006EE56E /* BaseCollectionViewCell.swift */,
			);
			path = Base;
			sourceTree = "<group>";
		};
		CC85F90B2C3400EF00D2B15C /* TodoList */ = {
			isa = PBXGroup;
			children = (
				CC85F9092C33FB8300D2B15C /* TodoListModel.swift */,
				CC85F90C2C3400FD00D2B15C /* Todo.swift */,
				CC85F9162C341EEE00D2B15C /* FilterType.swift */,
				CCA6A0712C356DC4006EE56E /* TodoBuilder.swift */,
			);
			path = TodoList;
			sourceTree = "<group>";
		};
		CC85F9102C34116F00D2B15C /* Util */ = {
			isa = PBXGroup;
			children = (
				CC85F9112C3411BA00D2B15C /* ReusableProtocol.swift */,
				CCA6A0762C357386006EE56E /* String+Extension.swift */,
				CC50FDD32C3A7629007AF3F4 /* UIViewController+Extension.swift */,
			);
			path = Util;
			sourceTree = "<group>";
		};
		CC85F91A2C34254300D2B15C /* AddScreen */ = {
			isa = PBXGroup;
			children = (
				CCAB36FF2C35310300D65854 /* Reusable */,
				CC85F91D2C3427C000D2B15C /* View */,
				CCAB37062C35399900D65854 /* Controller */,
			);
			path = AddScreen;
			sourceTree = "<group>";
		};
		CC85F91D2C3427C000D2B15C /* View */ = {
			isa = PBXGroup;
			children = (
				CC85F91B2C3427B800D2B15C /* AddRootView.swift */,
				CCAB370D2C353A1400D65854 /* PriorityView.swift */,
				CCAB370F2C353A2000D65854 /* DueDateView.swift */,
				CCAB37112C353A2A00D65854 /* TagView.swift */,
			);
			path = View;
			sourceTree = "<group>";
		};
		CCA6A0782C35790E006EE56E /* MainScreen */ = {
			isa = PBXGroup;
			children = (
				CCA6A0792C357918006EE56E /* View */,
				CCA6A07A2C357927006EE56E /* MainViewController.swift */,
			);
			path = MainScreen;
			sourceTree = "<group>";
		};
		CCA6A0792C357918006EE56E /* View */ = {
			isa = PBXGroup;
			children = (
				CCA6A07C2C35793A006EE56E /* MainRootView.swift */,
				CCA6A0812C357E48006EE56E /* MainCollectionViewCell.swift */,
			);
			path = View;
			sourceTree = "<group>";
		};
		CCA6A07E2C357968006EE56E /* Main */ = {
			isa = PBXGroup;
			children = (
				CC3BFF1B2C3C120D005C45F2 /* Category.swift */,
				CCA6A0852C35811C006EE56E /* CategoryType.swift */,
				CCA6A07F2C357976006EE56E /* MainModel.swift */,
			);
			path = Main;
			sourceTree = "<group>";
		};
		CCAB36FF2C35310300D65854 /* Reusable */ = {
			isa = PBXGroup;
			children = (
				CCAB37002C35312300D65854 /* TodoOptionView.swift */,
				CCAB37022C35320C00D65854 /* OptionType.swift */,
			);
			path = Reusable;
			sourceTree = "<group>";
		};
		CCAB37062C35399900D65854 /* Controller */ = {
			isa = PBXGroup;
			children = (
				CC85F91E2C3427CF00D2B15C /* AddViewController.swift */,
				CCAB37072C3539AF00D65854 /* DueDateViewController.swift */,
				CCAB37092C3539B900D65854 /* TagViewController.swift */,
				CCAB370B2C3539C400D65854 /* PriorityViewController.swift */,
			);
			path = Controller;
			sourceTree = "<group>";
		};
/* End PBXGroup section */

/* Begin PBXNativeTarget section */
		CC85F8DD2C33E82000D2B15C /* Reminder */ = {
			isa = PBXNativeTarget;
			buildConfigurationList = CC85F8F22C33E82000D2B15C /* Build configuration list for PBXNativeTarget "Reminder" */;
			buildPhases = (
				CC85F8DA2C33E82000D2B15C /* Sources */,
				CC85F8DB2C33E82000D2B15C /* Frameworks */,
				CC85F8DC2C33E82000D2B15C /* Resources */,
				CC85F9192C34226700D2B15C /* Embed Frameworks */,
			);
			buildRules = (
			);
			dependencies = (
			);
			name = Reminder;
			packageProductDependencies = (
				CC85F8F62C33F58A00D2B15C /* RealmSwift */,
				CC85F8F92C33F59D00D2B15C /* SnapKit */,
				CC85F8FC2C33F5AA00D2B15C /* Then */,
				CCA6A0742C357088006EE56E /* Toast */,
			);
			productName = Reminder;
			productReference = CC85F8DE2C33E82000D2B15C /* Reminder.app */;
			productType = "com.apple.product-type.application";
		};
/* End PBXNativeTarget section */

/* Begin PBXProject section */
		CC85F8D62C33E82000D2B15C /* Project object */ = {
			isa = PBXProject;
			attributes = {
				BuildIndependentTargetsInParallel = 1;
				LastSwiftUpdateCheck = 1540;
				LastUpgradeCheck = 1540;
				TargetAttributes = {
					CC85F8DD2C33E82000D2B15C = {
						CreatedOnToolsVersion = 15.4;
					};
				};
			};
			buildConfigurationList = CC85F8D92C33E82000D2B15C /* Build configuration list for PBXProject "Reminder" */;
			compatibilityVersion = "Xcode 14.0";
			developmentRegion = en;
			hasScannedForEncodings = 0;
			knownRegions = (
				en,
				Base,
			);
			mainGroup = CC85F8D52C33E82000D2B15C;
			packageReferences = (
				CC85F8F52C33F58A00D2B15C /* XCRemoteSwiftPackageReference "realm-swift" */,
				CC85F8F82C33F59D00D2B15C /* XCRemoteSwiftPackageReference "SnapKit" */,
				CC85F8FB2C33F5AA00D2B15C /* XCRemoteSwiftPackageReference "Then" */,
				CCA6A0732C357088006EE56E /* XCRemoteSwiftPackageReference "Toast-Swift" */,
			);
			productRefGroup = CC85F8DF2C33E82000D2B15C /* Products */;
			projectDirPath = "";
			projectRoot = "";
			targets = (
				CC85F8DD2C33E82000D2B15C /* Reminder */,
			);
		};
/* End PBXProject section */

/* Begin PBXResourcesBuildPhase section */
		CC85F8DC2C33E82000D2B15C /* Resources */ = {
			isa = PBXResourcesBuildPhase;
			buildActionMask = 2147483647;
			files = (
				CC85F8EB2C33E82000D2B15C /* Assets.xcassets in Resources */,
				CC85F8EE2C33E82000D2B15C /* Base in Resources */,
			);
			runOnlyForDeploymentPostprocessing = 0;
		};
/* End PBXResourcesBuildPhase section */

/* Begin PBXSourcesBuildPhase section */
		CC85F8DA2C33E82000D2B15C /* Sources */ = {
			isa = PBXSourcesBuildPhase;
			buildActionMask = 2147483647;
			files = (
				CC85F91C2C3427B800D2B15C /* AddRootView.swift in Sources */,
				CCA6A07B2C357927006EE56E /* MainViewController.swift in Sources */,
				CC85F9082C33F7CE00D2B15C /* TodoListRootView.swift in Sources */,
				CCA6A0862C35811C006EE56E /* CategoryType.swift in Sources */,
				CC50FDD42C3A7629007AF3F4 /* UIViewController+Extension.swift in Sources */,
				CCAB370E2C353A1400D65854 /* PriorityView.swift in Sources */,
				CC85F91F2C3427CF00D2B15C /* AddViewController.swift in Sources */,
				CCA6A0842C357E72006EE56E /* BaseCollectionViewCell.swift in Sources */,
				CCAB37082C3539AF00D65854 /* DueDateViewController.swift in Sources */,
				CCAB37102C353A2000D65854 /* DueDateView.swift in Sources */,
				CC85F8E62C33E82000D2B15C /* TodoListViewController.swift in Sources */,
				CC3BFF1C2C3C120D005C45F2 /* Category.swift in Sources */,
				CCA6A0772C357386006EE56E /* String+Extension.swift in Sources */,
				CC85F9042C33F67B00D2B15C /* BaseViewController.swift in Sources */,
				CCA6A0722C356DC4006EE56E /* TodoBuilder.swift in Sources */,
				CCAB370C2C3539C400D65854 /* PriorityViewController.swift in Sources */,
				CC85F90D2C3400FD00D2B15C /* Todo.swift in Sources */,
				CCAB37032C35320C00D65854 /* OptionType.swift in Sources */,
				CC85F9122C3411BA00D2B15C /* ReusableProtocol.swift in Sources */,
				CCA6A0822C357E48006EE56E /* MainCollectionViewCell.swift in Sources */,
				CCAB37012C35312300D65854 /* TodoOptionView.swift in Sources */,
				CCAB37122C353A2A00D65854 /* TagView.swift in Sources */,
				CC85F9152C3413F200D2B15C /* BaseTableViewCell.swift in Sources */,
				CC85F9062C33F72300D2B15C /* BaseView.swift in Sources */,
				CC85F8E22C33E82000D2B15C /* AppDelegate.swift in Sources */,
				CCA6A07D2C35793A006EE56E /* MainRootView.swift in Sources */,
				CC85F90A2C33FB8300D2B15C /* TodoListModel.swift in Sources */,
				CC324CC62C359EC5009BA31A /* TodoDetailViewController.swift in Sources */,
				CC85F8E42C33E82000D2B15C /* SceneDelegate.swift in Sources */,
				CC324CC42C359EAC009BA31A /* TodoDetailRootView.swift in Sources */,
				CCA6A0802C357976006EE56E /* MainModel.swift in Sources */,
				CCAB370A2C3539B900D65854 /* TagViewController.swift in Sources */,
				CC85F90F2C34069700D2B15C /* TodoListTableViewCell.swift in Sources */,
				CC85F9172C341EEE00D2B15C /* FilterType.swift in Sources */,
			);
			runOnlyForDeploymentPostprocessing = 0;
		};
/* End PBXSourcesBuildPhase section */

/* Begin PBXVariantGroup section */
		CC85F8EC2C33E82000D2B15C /* LaunchScreen.storyboard */ = {
			isa = PBXVariantGroup;
			children = (
				CC85F8ED2C33E82000D2B15C /* Base */,
			);
			name = LaunchScreen.storyboard;
			sourceTree = "<group>";
		};
/* End PBXVariantGroup section */

/* Begin XCBuildConfiguration section */
		CC85F8F02C33E82000D2B15C /* Debug */ = {
			isa = XCBuildConfiguration;
			buildSettings = {
				ALWAYS_SEARCH_USER_PATHS = NO;
				ASSETCATALOG_COMPILER_GENERATE_SWIFT_ASSET_SYMBOL_EXTENSIONS = YES;
				CLANG_ANALYZER_NONNULL = YES;
				CLANG_ANALYZER_NUMBER_OBJECT_CONVERSION = YES_AGGRESSIVE;
				CLANG_CXX_LANGUAGE_STANDARD = "gnu++20";
				CLANG_ENABLE_MODULES = YES;
				CLANG_ENABLE_OBJC_ARC = YES;
				CLANG_ENABLE_OBJC_WEAK = YES;
				CLANG_WARN_BLOCK_CAPTURE_AUTORELEASING = YES;
				CLANG_WARN_BOOL_CONVERSION = YES;
				CLANG_WARN_COMMA = YES;
				CLANG_WARN_CONSTANT_CONVERSION = YES;
				CLANG_WARN_DEPRECATED_OBJC_IMPLEMENTATIONS = YES;
				CLANG_WARN_DIRECT_OBJC_ISA_USAGE = YES_ERROR;
				CLANG_WARN_DOCUMENTATION_COMMENTS = YES;
				CLANG_WARN_EMPTY_BODY = YES;
				CLANG_WARN_ENUM_CONVERSION = YES;
				CLANG_WARN_INFINITE_RECURSION = YES;
				CLANG_WARN_INT_CONVERSION = YES;
				CLANG_WARN_NON_LITERAL_NULL_CONVERSION = YES;
				CLANG_WARN_OBJC_IMPLICIT_RETAIN_SELF = YES;
				CLANG_WARN_OBJC_LITERAL_CONVERSION = YES;
				CLANG_WARN_OBJC_ROOT_CLASS = YES_ERROR;
				CLANG_WARN_QUOTED_INCLUDE_IN_FRAMEWORK_HEADER = YES;
				CLANG_WARN_RANGE_LOOP_ANALYSIS = YES;
				CLANG_WARN_STRICT_PROTOTYPES = YES;
				CLANG_WARN_SUSPICIOUS_MOVE = YES;
				CLANG_WARN_UNGUARDED_AVAILABILITY = YES_AGGRESSIVE;
				CLANG_WARN_UNREACHABLE_CODE = YES;
				CLANG_WARN__DUPLICATE_METHOD_MATCH = YES;
				COPY_PHASE_STRIP = NO;
				DEBUG_INFORMATION_FORMAT = dwarf;
				ENABLE_STRICT_OBJC_MSGSEND = YES;
				ENABLE_TESTABILITY = YES;
				ENABLE_USER_SCRIPT_SANDBOXING = YES;
				GCC_C_LANGUAGE_STANDARD = gnu17;
				GCC_DYNAMIC_NO_PIC = NO;
				GCC_NO_COMMON_BLOCKS = YES;
				GCC_OPTIMIZATION_LEVEL = 0;
				GCC_PREPROCESSOR_DEFINITIONS = (
					"DEBUG=1",
					"$(inherited)",
				);
				GCC_WARN_64_TO_32_BIT_CONVERSION = YES;
				GCC_WARN_ABOUT_RETURN_TYPE = YES_ERROR;
				GCC_WARN_UNDECLARED_SELECTOR = YES;
				GCC_WARN_UNINITIALIZED_AUTOS = YES_AGGRESSIVE;
				GCC_WARN_UNUSED_FUNCTION = YES;
				GCC_WARN_UNUSED_VARIABLE = YES;
				IPHONEOS_DEPLOYMENT_TARGET = 16.0;
				LOCALIZATION_PREFERS_STRING_CATALOGS = YES;
				MTL_ENABLE_DEBUG_INFO = INCLUDE_SOURCE;
				MTL_FAST_MATH = YES;
				ONLY_ACTIVE_ARCH = YES;
				SDKROOT = iphoneos;
				SWIFT_ACTIVE_COMPILATION_CONDITIONS = "DEBUG $(inherited)";
				SWIFT_OPTIMIZATION_LEVEL = "-Onone";
			};
			name = Debug;
		};
		CC85F8F12C33E82000D2B15C /* Release */ = {
			isa = XCBuildConfiguration;
			buildSettings = {
				ALWAYS_SEARCH_USER_PATHS = NO;
				ASSETCATALOG_COMPILER_GENERATE_SWIFT_ASSET_SYMBOL_EXTENSIONS = YES;
				CLANG_ANALYZER_NONNULL = YES;
				CLANG_ANALYZER_NUMBER_OBJECT_CONVERSION = YES_AGGRESSIVE;
				CLANG_CXX_LANGUAGE_STANDARD = "gnu++20";
				CLANG_ENABLE_MODULES = YES;
				CLANG_ENABLE_OBJC_ARC = YES;
				CLANG_ENABLE_OBJC_WEAK = YES;
				CLANG_WARN_BLOCK_CAPTURE_AUTORELEASING = YES;
				CLANG_WARN_BOOL_CONVERSION = YES;
				CLANG_WARN_COMMA = YES;
				CLANG_WARN_CONSTANT_CONVERSION = YES;
				CLANG_WARN_DEPRECATED_OBJC_IMPLEMENTATIONS = YES;
				CLANG_WARN_DIRECT_OBJC_ISA_USAGE = YES_ERROR;
				CLANG_WARN_DOCUMENTATION_COMMENTS = YES;
				CLANG_WARN_EMPTY_BODY = YES;
				CLANG_WARN_ENUM_CONVERSION = YES;
				CLANG_WARN_INFINITE_RECURSION = YES;
				CLANG_WARN_INT_CONVERSION = YES;
				CLANG_WARN_NON_LITERAL_NULL_CONVERSION = YES;
				CLANG_WARN_OBJC_IMPLICIT_RETAIN_SELF = YES;
				CLANG_WARN_OBJC_LITERAL_CONVERSION = YES;
				CLANG_WARN_OBJC_ROOT_CLASS = YES_ERROR;
				CLANG_WARN_QUOTED_INCLUDE_IN_FRAMEWORK_HEADER = YES;
				CLANG_WARN_RANGE_LOOP_ANALYSIS = YES;
				CLANG_WARN_STRICT_PROTOTYPES = YES;
				CLANG_WARN_SUSPICIOUS_MOVE = YES;
				CLANG_WARN_UNGUARDED_AVAILABILITY = YES_AGGRESSIVE;
				CLANG_WARN_UNREACHABLE_CODE = YES;
				CLANG_WARN__DUPLICATE_METHOD_MATCH = YES;
				COPY_PHASE_STRIP = NO;
				DEBUG_INFORMATION_FORMAT = "dwarf-with-dsym";
				ENABLE_NS_ASSERTIONS = NO;
				ENABLE_STRICT_OBJC_MSGSEND = YES;
				ENABLE_USER_SCRIPT_SANDBOXING = YES;
				GCC_C_LANGUAGE_STANDARD = gnu17;
				GCC_NO_COMMON_BLOCKS = YES;
				GCC_WARN_64_TO_32_BIT_CONVERSION = YES;
				GCC_WARN_ABOUT_RETURN_TYPE = YES_ERROR;
				GCC_WARN_UNDECLARED_SELECTOR = YES;
				GCC_WARN_UNINITIALIZED_AUTOS = YES_AGGRESSIVE;
				GCC_WARN_UNUSED_FUNCTION = YES;
				GCC_WARN_UNUSED_VARIABLE = YES;
				IPHONEOS_DEPLOYMENT_TARGET = 16.0;
				LOCALIZATION_PREFERS_STRING_CATALOGS = YES;
				MTL_ENABLE_DEBUG_INFO = NO;
				MTL_FAST_MATH = YES;
				SDKROOT = iphoneos;
				SWIFT_COMPILATION_MODE = wholemodule;
				VALIDATE_PRODUCT = YES;
			};
			name = Release;
		};
		CC85F8F32C33E82000D2B15C /* Debug */ = {
			isa = XCBuildConfiguration;
			buildSettings = {
				ASSETCATALOG_COMPILER_APPICON_NAME = AppIcon;
				ASSETCATALOG_COMPILER_GLOBAL_ACCENT_COLOR_NAME = AccentColor;
				CODE_SIGN_STYLE = Automatic;
				CURRENT_PROJECT_VERSION = 1;
				DEVELOPMENT_TEAM = YWNQ4RZBTS;
				GENERATE_INFOPLIST_FILE = YES;
				INFOPLIST_FILE = Reminder/Info.plist;
				INFOPLIST_KEY_UIApplicationSupportsIndirectInputEvents = YES;
				INFOPLIST_KEY_UILaunchStoryboardName = LaunchScreen;
				INFOPLIST_KEY_UISupportedInterfaceOrientations = UIInterfaceOrientationPortrait;
				INFOPLIST_KEY_UISupportedInterfaceOrientations_iPad = "UIInterfaceOrientationLandscapeLeft UIInterfaceOrientationLandscapeRight UIInterfaceOrientationPortrait UIInterfaceOrientationPortraitUpsideDown";
				IPHONEOS_DEPLOYMENT_TARGET = 16.0;
				LD_RUNPATH_SEARCH_PATHS = (
					"$(inherited)",
					"@executable_path/Frameworks",
				);
				MARKETING_VERSION = 1.0;
				PRODUCT_BUNDLE_IDENTIFIER = com.jinyoo.sesac.Reminder;
				PRODUCT_NAME = "$(TARGET_NAME)";
				SUPPORTED_PLATFORMS = "iphoneos iphonesimulator";
				SUPPORTS_MACCATALYST = NO;
				SUPPORTS_MAC_DESIGNED_FOR_IPHONE_IPAD = NO;
				SUPPORTS_XR_DESIGNED_FOR_IPHONE_IPAD = NO;
				SWIFT_EMIT_LOC_STRINGS = YES;
				SWIFT_VERSION = 5.0;
				TARGETED_DEVICE_FAMILY = 1;
			};
			name = Debug;
		};
		CC85F8F42C33E82000D2B15C /* Release */ = {
			isa = XCBuildConfiguration;
			buildSettings = {
				ASSETCATALOG_COMPILER_APPICON_NAME = AppIcon;
				ASSETCATALOG_COMPILER_GLOBAL_ACCENT_COLOR_NAME = AccentColor;
				CODE_SIGN_STYLE = Automatic;
				CURRENT_PROJECT_VERSION = 1;
				DEVELOPMENT_TEAM = YWNQ4RZBTS;
				GENERATE_INFOPLIST_FILE = YES;
				INFOPLIST_FILE = Reminder/Info.plist;
				INFOPLIST_KEY_UIApplicationSupportsIndirectInputEvents = YES;
				INFOPLIST_KEY_UILaunchStoryboardName = LaunchScreen;
				INFOPLIST_KEY_UISupportedInterfaceOrientations = UIInterfaceOrientationPortrait;
				INFOPLIST_KEY_UISupportedInterfaceOrientations_iPad = "UIInterfaceOrientationLandscapeLeft UIInterfaceOrientationLandscapeRight UIInterfaceOrientationPortrait UIInterfaceOrientationPortraitUpsideDown";
				IPHONEOS_DEPLOYMENT_TARGET = 16.0;
				LD_RUNPATH_SEARCH_PATHS = (
					"$(inherited)",
					"@executable_path/Frameworks",
				);
				MARKETING_VERSION = 1.0;
				PRODUCT_BUNDLE_IDENTIFIER = com.jinyoo.sesac.Reminder;
				PRODUCT_NAME = "$(TARGET_NAME)";
				SUPPORTED_PLATFORMS = "iphoneos iphonesimulator";
				SUPPORTS_MACCATALYST = NO;
				SUPPORTS_MAC_DESIGNED_FOR_IPHONE_IPAD = NO;
				SUPPORTS_XR_DESIGNED_FOR_IPHONE_IPAD = NO;
				SWIFT_EMIT_LOC_STRINGS = YES;
				SWIFT_VERSION = 5.0;
				TARGETED_DEVICE_FAMILY = 1;
			};
			name = Release;
		};
/* End XCBuildConfiguration section */

/* Begin XCConfigurationList section */
		CC85F8D92C33E82000D2B15C /* Build configuration list for PBXProject "Reminder" */ = {
			isa = XCConfigurationList;
			buildConfigurations = (
				CC85F8F02C33E82000D2B15C /* Debug */,
				CC85F8F12C33E82000D2B15C /* Release */,
			);
			defaultConfigurationIsVisible = 0;
			defaultConfigurationName = Release;
		};
		CC85F8F22C33E82000D2B15C /* Build configuration list for PBXNativeTarget "Reminder" */ = {
			isa = XCConfigurationList;
			buildConfigurations = (
				CC85F8F32C33E82000D2B15C /* Debug */,
				CC85F8F42C33E82000D2B15C /* Release */,
			);
			defaultConfigurationIsVisible = 0;
			defaultConfigurationName = Release;
		};
/* End XCConfigurationList section */

/* Begin XCRemoteSwiftPackageReference section */
		CC85F8F52C33F58A00D2B15C /* XCRemoteSwiftPackageReference "realm-swift" */ = {
			isa = XCRemoteSwiftPackageReference;
			repositoryURL = "https://github.com/realm/realm-swift.git";
			requirement = {
				kind = exactVersion;
				version = 10.52.1;
			};
		};
		CC85F8F82C33F59D00D2B15C /* XCRemoteSwiftPackageReference "SnapKit" */ = {
			isa = XCRemoteSwiftPackageReference;
			repositoryURL = "https://github.com/SnapKit/SnapKit.git";
			requirement = {
				kind = upToNextMajorVersion;
				minimumVersion = 5.7.1;
			};
		};
		CC85F8FB2C33F5AA00D2B15C /* XCRemoteSwiftPackageReference "Then" */ = {
			isa = XCRemoteSwiftPackageReference;
			repositoryURL = "https://github.com/devxoul/Then.git";
			requirement = {
				kind = upToNextMajorVersion;
				minimumVersion = 3.0.0;
			};
		};
		CCA6A0732C357088006EE56E /* XCRemoteSwiftPackageReference "Toast-Swift" */ = {
			isa = XCRemoteSwiftPackageReference;
			repositoryURL = "https://github.com/scalessec/Toast-Swift.git";
			requirement = {
				kind = upToNextMajorVersion;
				minimumVersion = 5.1.1;
			};
		};
/* End XCRemoteSwiftPackageReference section */

/* Begin XCSwiftPackageProductDependency section */
		CC85F8F62C33F58A00D2B15C /* RealmSwift */ = {
			isa = XCSwiftPackageProductDependency;
			package = CC85F8F52C33F58A00D2B15C /* XCRemoteSwiftPackageReference "realm-swift" */;
			productName = RealmSwift;
		};
		CC85F8F92C33F59D00D2B15C /* SnapKit */ = {
			isa = XCSwiftPackageProductDependency;
			package = CC85F8F82C33F59D00D2B15C /* XCRemoteSwiftPackageReference "SnapKit" */;
			productName = SnapKit;
		};
		CC85F8FC2C33F5AA00D2B15C /* Then */ = {
			isa = XCSwiftPackageProductDependency;
			package = CC85F8FB2C33F5AA00D2B15C /* XCRemoteSwiftPackageReference "Then" */;
			productName = Then;
		};
		CCA6A0742C357088006EE56E /* Toast */ = {
			isa = XCSwiftPackageProductDependency;
			package = CCA6A0732C357088006EE56E /* XCRemoteSwiftPackageReference "Toast-Swift" */;
			productName = Toast;
		};
/* End XCSwiftPackageProductDependency section */
	};
	rootObject = CC85F8D62C33E82000D2B15C /* Project object */;
}
